
Microsoft Visual Studio Solution File, Format Version 12.00
# Visual Studio Version 16
VisualStudioVersion = 16.0.32802.440
MinimumVisualStudioVersion = 10.0.40219.1
Project("{9A19103F-16F7-4668-BE54-9A1E7A4F7556}") = "ConsoleApp2", "ConsoleApp2\ConsoleApp2.csproj", "{3E5EE890-A933-4C7E-B48B-CA2F13E06439}"
EndProject
Project("{9A19103F-16F7-4668-BE54-9A1E7A4F7556}") = "Domen", "Domen\Domen.csproj", "{0448C90A-B548-442B-A917-F6FFA039AEC7}"
EndProject
Project("{9A19103F-16F7-4668-BE54-9A1E7A4F7556}") = "SlojPristupaPodacima", "SlojPristupaPodacima\SlojPristupaPodacima.csproj", "{D99B2AFD-C9C1-4B89-B829-3909E9107106}"
EndProject
Project("{FAE04EC0-301F-11D3-BF4B-00C04F79EFBC}") = "KupacWebApp", "KupacWebApp\KupacWebApp.csproj", "{BB5E9D3D-0798-4C8A-9E94-1B7B51E4CB29}"
EndProject
Global
	GlobalSection(SolutionConfigurationPlatforms) = preSolution
		Debug|Any CPU = Debug|Any CPU
		Release|Any CPU = Release|Any CPU
	EndGlobalSection
	GlobalSection(ProjectConfigurationPlatforms) = postSolution
		{3E5EE890-A933-4C7E-B48B-CA2F13E06439}.Debug|Any CPU.ActiveCfg = Debug|Any CPU
		{3E5EE890-A933-4C7E-B48B-CA2F13E06439}.Debug|Any CPU.Build.0 = Debug|Any CPU
		{3E5EE890-A933-4C7E-B48B-CA2F13E06439}.Release|Any CPU.ActiveCfg = Release|Any CPU
		{3E5EE890-A933-4C7E-B48B-CA2F13E06439}.Release|Any CPU.Build.0 = Release|Any CPU
		{0448C90A-B548-442B-A917-F6FFA039AEC7}.Debug|Any CPU.ActiveCfg = Debug|Any CPU
		{0448C90A-B548-442B-A917-F6FFA039AEC7}.Debug|Any CPU.Build.0 = Debug|Any CPU
		{0448C90A-B548-442B-A917-F6FFA039AEC7}.Release|Any CPU.ActiveCfg = Release|Any CPU
		{0448C90A-B548-442B-A917-F6FFA039AEC7}.Release|Any CPU.Build.0 = Release|Any CPU
		{D99B2AFD-C9C1-4B89-B829-3909E9107106}.Debug|Any CPU.ActiveCfg = Debug|Any CPU
		{D99B2AFD-C9C1-4B89-B829-3909E9107106}.Debug|Any CPU.Build.0 = Debug|Any CPU
		{D99B2AFD-C9C1-4B89-B829-3909E9107106}.Release|Any CPU.ActiveCfg = Release|Any CPU
		{D99B2AFD-C9C1-4B89-B829-3909E9107106}.Release|Any CPU.Build.0 = Release|Any CPU
		{BB5E9D3D-0798-4C8A-9E94-1B7B51E4CB29}.Debug|Any CPU.ActiveCfg = Debug|Any CPU
		{BB5E9D3D-0798-4C8A-9E94-1B7B51E4CB29}.Debug|Any CPU.Build.0 = Debug|Any CPU
		{BB5E9D3D-0798-4C8A-9E94-1B7B51E4CB29}.Release|Any CPU.ActiveCfg = Release|Any CPU
		{BB5E9D3D-0798-4C8A-9E94-1B7B51E4CB29}.Release|Any CPU.Build.0 = Release|Any CPU
	EndGlobalSection
	GlobalSection(SolutionProperties) = preSolution
		HideSolutionNode = FALSE
	EndGlobalSection
	GlobalSection(ExtensibilityGlobals) = postSolution
		SolutionGuid = {C58F9F9B-3A59-489A-836F-BC01290BB748}
	EndGlobalSection
EndGlobal
